
Microsoft Visual Studio Solution File, Format Version 12.00
# Visual Studio Version 17
VisualStudioVersion = 17.0.31903.59
MinimumVisualStudioVersion = 10.0.40219.1
Project("{2150E333-8FDC-42A3-9474-1A3956D46DE8}") = "src", "src", "{0A31B75D-84C4-4B0E-8F4A-CD1007803E79}"
EndProject
Project("{2150E333-8FDC-42A3-9474-1A3956D46DE8}") = "test", "test", "{233FBB60-B3FE-44DA-BFC8-EE3BA4C09A6F}"
EndProject
Project("{FAE04EC0-301F-11D3-BF4B-00C04F79EFBC}") = "EasyReport.Domain", "src\EasyReport.Domain\EasyReport.Domain.csproj", "{34AEA035-F029-4588-A6D6-ABB0FF1D1193}"
EndProject
Project("{FAE04EC0-301F-11D3-BF4B-00C04F79EFBC}") = "EasyReport.Infrastructure", "src\EasyReport.Infrastructure\EasyReport.Infrastructure.csproj", "{50C60EFA-2443-4961-B4D4-030C5D5543D2}"
EndProject
Project("{FAE04EC0-301F-11D3-BF4B-00C04F79EFBC}") = "EasyReport.WebApi", "src\EasyReport.WebApi\EasyReport.WebApi.csproj", "{95A45560-A7F8-4CE2-8002-DD2806883A0B}"
EndProject
Project("{FAE04EC0-301F-11D3-BF4B-00C04F79EFBC}") = "EasyReport.Shared", "src\EasyReport.Shared\EasyReport.Shared.csproj", "{EB797630-2420-4C4B-AE8A-465CE9699245}"
EndProject
Project("{FAE04EC0-301F-11D3-BF4B-00C04F79EFBC}") = "EasyReport.PwaClient", "src\EasyReport.PwaClient\EasyReport.PwaClient.csproj", "{A3AF5DD9-29A4-4447-B79E-1B87E3E3682E}"
EndProject
Global
	GlobalSection(SolutionConfigurationPlatforms) = preSolution
		Debug|Any CPU = Debug|Any CPU
		Release|Any CPU = Release|Any CPU
	EndGlobalSection
	GlobalSection(ProjectConfigurationPlatforms) = postSolution
		{34AEA035-F029-4588-A6D6-ABB0FF1D1193}.Debug|Any CPU.ActiveCfg = Debug|Any CPU
		{34AEA035-F029-4588-A6D6-ABB0FF1D1193}.Debug|Any CPU.Build.0 = Debug|Any CPU
		{34AEA035-F029-4588-A6D6-ABB0FF1D1193}.Release|Any CPU.ActiveCfg = Release|Any CPU
		{34AEA035-F029-4588-A6D6-ABB0FF1D1193}.Release|Any CPU.Build.0 = Release|Any CPU
		{50C60EFA-2443-4961-B4D4-030C5D5543D2}.Debug|Any CPU.ActiveCfg = Debug|Any CPU
		{50C60EFA-2443-4961-B4D4-030C5D5543D2}.Debug|Any CPU.Build.0 = Debug|Any CPU
		{50C60EFA-2443-4961-B4D4-030C5D5543D2}.Release|Any CPU.ActiveCfg = Release|Any CPU
		{50C60EFA-2443-4961-B4D4-030C5D5543D2}.Release|Any CPU.Build.0 = Release|Any CPU
		{95A45560-A7F8-4CE2-8002-DD2806883A0B}.Debug|Any CPU.ActiveCfg = Debug|Any CPU
		{95A45560-A7F8-4CE2-8002-DD2806883A0B}.Debug|Any CPU.Build.0 = Debug|Any CPU
		{95A45560-A7F8-4CE2-8002-DD2806883A0B}.Release|Any CPU.ActiveCfg = Release|Any CPU
		{95A45560-A7F8-4CE2-8002-DD2806883A0B}.Release|Any CPU.Build.0 = Release|Any CPU
		{EB797630-2420-4C4B-AE8A-465CE9699245}.Debug|Any CPU.ActiveCfg = Debug|Any CPU
		{EB797630-2420-4C4B-AE8A-465CE9699245}.Debug|Any CPU.Build.0 = Debug|Any CPU
		{EB797630-2420-4C4B-AE8A-465CE9699245}.Release|Any CPU.ActiveCfg = Release|Any CPU
		{EB797630-2420-4C4B-AE8A-465CE9699245}.Release|Any CPU.Build.0 = Release|Any CPU
		{A3AF5DD9-29A4-4447-B79E-1B87E3E3682E}.Debug|Any CPU.ActiveCfg = Debug|Any CPU
		{A3AF5DD9-29A4-4447-B79E-1B87E3E3682E}.Debug|Any CPU.Build.0 = Debug|Any CPU
		{A3AF5DD9-29A4-4447-B79E-1B87E3E3682E}.Release|Any CPU.ActiveCfg = Release|Any CPU
		{A3AF5DD9-29A4-4447-B79E-1B87E3E3682E}.Release|Any CPU.Build.0 = Release|Any CPU
	EndGlobalSection
	GlobalSection(SolutionProperties) = preSolution
		HideSolutionNode = FALSE
	EndGlobalSection
	GlobalSection(NestedProjects) = preSolution
		{34AEA035-F029-4588-A6D6-ABB0FF1D1193} = {0A31B75D-84C4-4B0E-8F4A-CD1007803E79}
		{50C60EFA-2443-4961-B4D4-030C5D5543D2} = {0A31B75D-84C4-4B0E-8F4A-CD1007803E79}
		{95A45560-A7F8-4CE2-8002-DD2806883A0B} = {0A31B75D-84C4-4B0E-8F4A-CD1007803E79}
		{EB797630-2420-4C4B-AE8A-465CE9699245} = {0A31B75D-84C4-4B0E-8F4A-CD1007803E79}
		{A3AF5DD9-29A4-4447-B79E-1B87E3E3682E} = {0A31B75D-84C4-4B0E-8F4A-CD1007803E79}
	EndGlobalSection
	GlobalSection(ExtensibilityGlobals) = postSolution
		SolutionGuid = {AFEA030E-4FAA-4EB9-99C5-3E391A55DA1B}
	EndGlobalSection
EndGlobal
